
Microsoft Visual Studio Solution File, Format Version 12.00
# Visual Studio Version 17
VisualStudioVersion = 17.4.33213.308
MinimumVisualStudioVersion = 10.0.40219.1
Project("{9A19103F-16F7-4668-BE54-9A1E7A4F7556}") = "Meet.API", "Meet.API\Meet.API.csproj", "{807C6B70-F76B-4CA3-B514-FF10FC37CA7F}"
EndProject
Global
	GlobalSection(SolutionConfigurationPlatforms) = preSolution
		Debug|Any CPU = Debug|Any CPU
		Release|Any CPU = Release|Any CPU
	EndGlobalSection
	GlobalSection(ProjectConfigurationPlatforms) = postSolution
		{807C6B70-F76B-4CA3-B514-FF10FC37CA7F}.Debug|Any CPU.ActiveCfg = Debug|Any CPU
		{807C6B70-F76B-4CA3-B514-FF10FC37CA7F}.Debug|Any CPU.Build.0 = Debug|Any CPU
		{807C6B70-F76B-4CA3-B514-FF10FC37CA7F}.Release|Any CPU.ActiveCfg = Release|Any CPU
		{807C6B70-F76B-4CA3-B514-FF10FC37CA7F}.Release|Any CPU.Build.0 = Release|Any CPU
	EndGlobalSection
	GlobalSection(SolutionProperties) = preSolution
		HideSolutionNode = FALSE
	EndGlobalSection
	GlobalSection(ExtensibilityGlobals) = postSolution
		SolutionGuid = {F305DCE3-C076-4497-9DB0-9CEC61A4EC94}
	EndGlobalSection
EndGlobal
